
Microsoft Visual Studio Solution File, Format Version 12.00
# Visual Studio Version 17
VisualStudioVersion = 17.0.31903.59
MinimumVisualStudioVersion = 10.0.40219.1
Project("{2150E333-8FDC-42A3-9474-1A3956D46DE8}") = "Solution Items", "Solution Items", "{E8486968-8553-4F26-8673-5F9F4A4FE16C}"
	ProjectSection(SolutionItems) = preProject
		Sockets.Client\Sockets.Client.csproj = Sockets.Client\Sockets.Client.csproj
	EndProjectSection
EndProject
Project("{FAE04EC0-301F-11D3-BF4B-00C04F79EFBC}") = "Sockets.Host", "Sockets.Host\Sockets.Host.csproj", "{5F53AC80-3B29-4B07-B03E-42021AD18EC8}"
EndProject
Project("{FAE04EC0-301F-11D3-BF4B-00C04F79EFBC}") = "Sockets.Client", "Sockets.Client\Sockets.Client.csproj", "{DFE4B104-495E-4AB5-995A-F1E819DA4B06}"
EndProject
Project("{FAE04EC0-301F-11D3-BF4B-00C04F79EFBC}") = "Sockets.GrainInterfaces", "Sockets.GrainInterfaces\Sockets.GrainInterfaces.csproj", "{2451B0DD-2A36-4A5C-B439-882ED5072FB2}"
EndProject
Project("{FAE04EC0-301F-11D3-BF4B-00C04F79EFBC}") = "Sockets.Grains", "Sockets.Grains\Sockets.Grains.csproj", "{7A006F3B-C377-4BC7-9611-68376D1ABEF7}"
EndProject
Project("{FAE04EC0-301F-11D3-BF4B-00C04F79EFBC}") = "Sockets.Hubs", "Sockets.Hubs\Sockets.Hubs.csproj", "{6974F691-4A2B-4EBA-B385-71071F550798}"
EndProject
Global
	GlobalSection(SolutionConfigurationPlatforms) = preSolution
		Debug|Any CPU = Debug|Any CPU
		Release|Any CPU = Release|Any CPU
	EndGlobalSection
	GlobalSection(SolutionProperties) = preSolution
		HideSolutionNode = FALSE
	EndGlobalSection
	GlobalSection(ProjectConfigurationPlatforms) = postSolution
		{5F53AC80-3B29-4B07-B03E-42021AD18EC8}.Debug|Any CPU.ActiveCfg = Debug|Any CPU
		{5F53AC80-3B29-4B07-B03E-42021AD18EC8}.Debug|Any CPU.Build.0 = Debug|Any CPU
		{5F53AC80-3B29-4B07-B03E-42021AD18EC8}.Release|Any CPU.ActiveCfg = Release|Any CPU
		{5F53AC80-3B29-4B07-B03E-42021AD18EC8}.Release|Any CPU.Build.0 = Release|Any CPU
		{DFE4B104-495E-4AB5-995A-F1E819DA4B06}.Debug|Any CPU.ActiveCfg = Debug|Any CPU
		{DFE4B104-495E-4AB5-995A-F1E819DA4B06}.Debug|Any CPU.Build.0 = Debug|Any CPU
		{DFE4B104-495E-4AB5-995A-F1E819DA4B06}.Release|Any CPU.ActiveCfg = Release|Any CPU
		{DFE4B104-495E-4AB5-995A-F1E819DA4B06}.Release|Any CPU.Build.0 = Release|Any CPU
		{2451B0DD-2A36-4A5C-B439-882ED5072FB2}.Debug|Any CPU.ActiveCfg = Debug|Any CPU
		{2451B0DD-2A36-4A5C-B439-882ED5072FB2}.Debug|Any CPU.Build.0 = Debug|Any CPU
		{2451B0DD-2A36-4A5C-B439-882ED5072FB2}.Release|Any CPU.ActiveCfg = Release|Any CPU
		{2451B0DD-2A36-4A5C-B439-882ED5072FB2}.Release|Any CPU.Build.0 = Release|Any CPU
		{7A006F3B-C377-4BC7-9611-68376D1ABEF7}.Debug|Any CPU.ActiveCfg = Debug|Any CPU
		{7A006F3B-C377-4BC7-9611-68376D1ABEF7}.Debug|Any CPU.Build.0 = Debug|Any CPU
		{7A006F3B-C377-4BC7-9611-68376D1ABEF7}.Release|Any CPU.ActiveCfg = Release|Any CPU
		{7A006F3B-C377-4BC7-9611-68376D1ABEF7}.Release|Any CPU.Build.0 = Release|Any CPU
		{6974F691-4A2B-4EBA-B385-71071F550798}.Debug|Any CPU.ActiveCfg = Debug|Any CPU
		{6974F691-4A2B-4EBA-B385-71071F550798}.Debug|Any CPU.Build.0 = Debug|Any CPU
		{6974F691-4A2B-4EBA-B385-71071F550798}.Release|Any CPU.ActiveCfg = Release|Any CPU
		{6974F691-4A2B-4EBA-B385-71071F550798}.Release|Any CPU.Build.0 = Release|Any CPU
	EndGlobalSection
EndGlobal
